
Microsoft Visual Studio Solution File, Format Version 12.00
# Visual Studio Version 17
VisualStudioVersion = 17.3.32804.467
MinimumVisualStudioVersion = 10.0.40219.1
Project("{9A19103F-16F7-4668-BE54-9A1E7A4F7556}") = "Shopping", "Shopping\Shopping.csproj", "{E6C423C0-78A2-471A-B118-BEA15B74C20A}"
EndProject
Project("{9A19103F-16F7-4668-BE54-9A1E7A4F7556}") = "DeliveryManagement", "DeliveryManagement\DeliveryManagement.csproj", "{C135E877-1CE4-4E95-A5F1-B54B3BB73C5A}"
EndProject
Project("{9A19103F-16F7-4668-BE54-9A1E7A4F7556}") = "InventoryManagement", "InventoryManagement\InventoryManagement.csproj", "{8FC92681-292C-4BC5-9D99-3904D647AE29}"
EndProject
Project("{2150E333-8FDC-42A3-9474-1A3956D46DE8}") = "Solution Items", "Solution Items", "{138CD6CB-020C-4F5F-8BFF-F435CB259F22}"
	ProjectSection(SolutionItems) = preProject
		Readme.txt = Readme.txt
	EndProjectSection
EndProject
Project("{9A19103F-16F7-4668-BE54-9A1E7A4F7556}") = "Shopping_ApiGateway", "Shopping_ApiGateway\Shopping_ApiGateway.csproj", "{07ACAF78-EF46-4CB9-9B62-C975CDF6CA44}"
EndProject
Project("{9A19103F-16F7-4668-BE54-9A1E7A4F7556}") = "Shopping_ServiceRegistry", "Shopping_ServiceRegistry\Shopping_ServiceRegistry.csproj", "{EC7533BF-237C-48CF-AA0C-71970EDF57EB}"
EndProject
Project("{FAE04EC0-301F-11D3-BF4B-00C04F79EFBC}") = "IdentityServer", "IdentityServer\IdentityServer.csproj", "{1B7EA67A-5FBB-4DAE-A3CB-22BFA61A3B72}"
EndProject
Global
	GlobalSection(SolutionConfigurationPlatforms) = preSolution
		Debug|Any CPU = Debug|Any CPU
		Release|Any CPU = Release|Any CPU
	EndGlobalSection
	GlobalSection(ProjectConfigurationPlatforms) = postSolution
		{E6C423C0-78A2-471A-B118-BEA15B74C20A}.Debug|Any CPU.ActiveCfg = Debug|Any CPU
		{E6C423C0-78A2-471A-B118-BEA15B74C20A}.Debug|Any CPU.Build.0 = Debug|Any CPU
		{E6C423C0-78A2-471A-B118-BEA15B74C20A}.Release|Any CPU.ActiveCfg = Release|Any CPU
		{E6C423C0-78A2-471A-B118-BEA15B74C20A}.Release|Any CPU.Build.0 = Release|Any CPU
		{C135E877-1CE4-4E95-A5F1-B54B3BB73C5A}.Debug|Any CPU.ActiveCfg = Debug|Any CPU
		{C135E877-1CE4-4E95-A5F1-B54B3BB73C5A}.Debug|Any CPU.Build.0 = Debug|Any CPU
		{C135E877-1CE4-4E95-A5F1-B54B3BB73C5A}.Release|Any CPU.ActiveCfg = Release|Any CPU
		{C135E877-1CE4-4E95-A5F1-B54B3BB73C5A}.Release|Any CPU.Build.0 = Release|Any CPU
		{8FC92681-292C-4BC5-9D99-3904D647AE29}.Debug|Any CPU.ActiveCfg = Debug|Any CPU
		{8FC92681-292C-4BC5-9D99-3904D647AE29}.Debug|Any CPU.Build.0 = Debug|Any CPU
		{8FC92681-292C-4BC5-9D99-3904D647AE29}.Release|Any CPU.ActiveCfg = Release|Any CPU
		{8FC92681-292C-4BC5-9D99-3904D647AE29}.Release|Any CPU.Build.0 = Release|Any CPU
		{07ACAF78-EF46-4CB9-9B62-C975CDF6CA44}.Debug|Any CPU.ActiveCfg = Debug|Any CPU
		{07ACAF78-EF46-4CB9-9B62-C975CDF6CA44}.Debug|Any CPU.Build.0 = Debug|Any CPU
		{07ACAF78-EF46-4CB9-9B62-C975CDF6CA44}.Release|Any CPU.ActiveCfg = Release|Any CPU
		{07ACAF78-EF46-4CB9-9B62-C975CDF6CA44}.Release|Any CPU.Build.0 = Release|Any CPU
		{EC7533BF-237C-48CF-AA0C-71970EDF57EB}.Debug|Any CPU.ActiveCfg = Debug|Any CPU
		{EC7533BF-237C-48CF-AA0C-71970EDF57EB}.Debug|Any CPU.Build.0 = Debug|Any CPU
		{EC7533BF-237C-48CF-AA0C-71970EDF57EB}.Release|Any CPU.ActiveCfg = Release|Any CPU
		{EC7533BF-237C-48CF-AA0C-71970EDF57EB}.Release|Any CPU.Build.0 = Release|Any CPU
		{1B7EA67A-5FBB-4DAE-A3CB-22BFA61A3B72}.Debug|Any CPU.ActiveCfg = Debug|Any CPU
		{1B7EA67A-5FBB-4DAE-A3CB-22BFA61A3B72}.Debug|Any CPU.Build.0 = Debug|Any CPU
		{1B7EA67A-5FBB-4DAE-A3CB-22BFA61A3B72}.Release|Any CPU.ActiveCfg = Release|Any CPU
		{1B7EA67A-5FBB-4DAE-A3CB-22BFA61A3B72}.Release|Any CPU.Build.0 = Release|Any CPU
	EndGlobalSection
	GlobalSection(SolutionProperties) = preSolution
		HideSolutionNode = FALSE
	EndGlobalSection
	GlobalSection(ExtensibilityGlobals) = postSolution
		SolutionGuid = {5C072DDE-E295-45F4-BC56-ABC4859B4DC5}
	EndGlobalSection
EndGlobal
